
Microsoft Visual Studio Solution File, Format Version 12.00
# Visual Studio 14
VisualStudioVersion = 14.0.23107.0
MinimumVisualStudioVersion = 10.0.40219.1
Project("{2150E333-8FDC-42A3-9474-1A3956D46DE8}") = "src", "src", "{E4EFD9F6-BF78-4239-B76F-BE3AB010FFE2}"
EndProject
Project("{2150E333-8FDC-42A3-9474-1A3956D46DE8}") = "Solution Items", "Solution Items", "{083E3C0C-D5D6-4794-BBF6-7B26B46A78A7}"
	ProjectSection(SolutionItems) = preProject
		global.json = global.json
	EndProjectSection
EndProject
Project("{8BB2217D-0F2D-49D1-97BC-3654ED321F3B}") = "DnxWebApp", "src\DnxWebApp\DnxWebApp.xproj", "{EEF41617-6828-4D79-871F-0259A544C66C}"
EndProject
Project("{FAE04EC0-301F-11D3-BF4B-00C04F79EFBC}") = "WapMvc46", "src\WapMvc46\WapMvc46.csproj", "{898660B7-7E5C-4FC9-9B7E-610BEE7D27AB}"
EndProject
Project("{8BB2217D-0F2D-49D1-97BC-3654ED321F3B}") = "DnxEmpty", "src\DnxEmpty\DnxEmpty.xproj", "{4B1F38E6-CE07-4AC7-AB6D-B9B7A7C427AD}"
EndProject
Project("{8BB2217D-0F2D-49D1-97BC-3654ED321F3B}") = "DnxWebBeta5", "src\DnxWebBeta5\DnxWebBeta5.xproj", "{7757E6DC-E045-4CA2-A250-119D0B1F34F9}"
EndProject
Project("{8BB2217D-0F2D-49D1-97BC-3654ED321F3B}") = "DnxWebBeta7", "src\DnxWebBeta7\DnxWebBeta7.xproj", "{7E25E70E-C3FA-41AB-A8FA-222D2285D464}"
EndProject
Global
	GlobalSection(SolutionConfigurationPlatforms) = preSolution
		Debug|Any CPU = Debug|Any CPU
		Release|Any CPU = Release|Any CPU
	EndGlobalSection
	GlobalSection(ProjectConfigurationPlatforms) = postSolution
		{EEF41617-6828-4D79-871F-0259A544C66C}.Debug|Any CPU.ActiveCfg = Debug|Any CPU
		{EEF41617-6828-4D79-871F-0259A544C66C}.Debug|Any CPU.Build.0 = Debug|Any CPU
		{EEF41617-6828-4D79-871F-0259A544C66C}.Release|Any CPU.ActiveCfg = Release|Any CPU
		{EEF41617-6828-4D79-871F-0259A544C66C}.Release|Any CPU.Build.0 = Release|Any CPU
		{898660B7-7E5C-4FC9-9B7E-610BEE7D27AB}.Debug|Any CPU.ActiveCfg = Debug|Any CPU
		{898660B7-7E5C-4FC9-9B7E-610BEE7D27AB}.Debug|Any CPU.Build.0 = Debug|Any CPU
		{898660B7-7E5C-4FC9-9B7E-610BEE7D27AB}.Release|Any CPU.ActiveCfg = Release|Any CPU
		{898660B7-7E5C-4FC9-9B7E-610BEE7D27AB}.Release|Any CPU.Build.0 = Release|Any CPU
		{4B1F38E6-CE07-4AC7-AB6D-B9B7A7C427AD}.Debug|Any CPU.ActiveCfg = Debug|Any CPU
		{4B1F38E6-CE07-4AC7-AB6D-B9B7A7C427AD}.Debug|Any CPU.Build.0 = Debug|Any CPU
		{4B1F38E6-CE07-4AC7-AB6D-B9B7A7C427AD}.Release|Any CPU.ActiveCfg = Release|Any CPU
		{4B1F38E6-CE07-4AC7-AB6D-B9B7A7C427AD}.Release|Any CPU.Build.0 = Release|Any CPU
		{7757E6DC-E045-4CA2-A250-119D0B1F34F9}.Debug|Any CPU.ActiveCfg = Debug|Any CPU
		{7757E6DC-E045-4CA2-A250-119D0B1F34F9}.Debug|Any CPU.Build.0 = Debug|Any CPU
		{7757E6DC-E045-4CA2-A250-119D0B1F34F9}.Release|Any CPU.ActiveCfg = Release|Any CPU
		{7757E6DC-E045-4CA2-A250-119D0B1F34F9}.Release|Any CPU.Build.0 = Release|Any CPU
		{7E25E70E-C3FA-41AB-A8FA-222D2285D464}.Debug|Any CPU.ActiveCfg = Debug|Any CPU
		{7E25E70E-C3FA-41AB-A8FA-222D2285D464}.Debug|Any CPU.Build.0 = Debug|Any CPU
		{7E25E70E-C3FA-41AB-A8FA-222D2285D464}.Release|Any CPU.ActiveCfg = Release|Any CPU
		{7E25E70E-C3FA-41AB-A8FA-222D2285D464}.Release|Any CPU.Build.0 = Release|Any CPU
	EndGlobalSection
	GlobalSection(SolutionProperties) = preSolution
		HideSolutionNode = FALSE
	EndGlobalSection
	GlobalSection(NestedProjects) = preSolution
		{EEF41617-6828-4D79-871F-0259A544C66C} = {E4EFD9F6-BF78-4239-B76F-BE3AB010FFE2}
		{898660B7-7E5C-4FC9-9B7E-610BEE7D27AB} = {E4EFD9F6-BF78-4239-B76F-BE3AB010FFE2}
		{4B1F38E6-CE07-4AC7-AB6D-B9B7A7C427AD} = {E4EFD9F6-BF78-4239-B76F-BE3AB010FFE2}
		{7757E6DC-E045-4CA2-A250-119D0B1F34F9} = {E4EFD9F6-BF78-4239-B76F-BE3AB010FFE2}
		{7E25E70E-C3FA-41AB-A8FA-222D2285D464} = {E4EFD9F6-BF78-4239-B76F-BE3AB010FFE2}
	EndGlobalSection
EndGlobal
